<?xml version="1.0" encoding="utf-8"?>
<Project ToolsVersion="4.0" xmlns="http://schemas.microsoft.com/developer/msbuild/2003">
  <ItemGroup>
    <Filter Include="Code">
      <UniqueIdentifier>{2e178aae-305d-4518-9b1c-7aab7f56fbe9}</UniqueIdentifier>
    </Filter>
    <Filter Include="Data">
      <UniqueIdentifier>{9dd32cef-b664-4686-bf58-6ce71c568ad2}</UniqueIdentifier>
    </Filter>
  </ItemGroup>
  <ItemGroup>
    <ClInclude Include="..\..\Code\VingineBuildPreferences.hpp">
      <Filter>Code</Filter>
    </ClInclude>
    <ClInclude Include="..\..\Code\MeteoroidGame.hpp">
      <Filter>Code</Filter>
    </ClInclude>
    <ClInclude Include="..\..\Code\OuterSpacePhysicsSystem.hpp">
      <Filter>Code</Filter>
    </ClInclude>
    <ClInclude Include="..\..\Code\ShipBlueprint.hpp">
      <Filter>Code</Filter>
    </ClInclude>
    <ClInclude Include="..\..\Code\MeteoroidBlueprint.hpp">
      <Filter>Code</Filter>
    </ClInclude>
    <ClInclude Include="..\..\Code\CollisionComponent2D.hpp">
      <Filter>Code</Filter>
    </ClInclude>
    <ClInclude Include="..\..\Code\CollisionSystem2D.hpp">
      <Filter>Code</Filter>
    </ClInclude>
    <ClInclude Include="..\..\Code\GameplayComponent.hpp">
      <Filter>Code</Filter>
    </ClInclude>
    <ClInclude Include="..\..\Code\GameEvents.hpp">
      <Filter>Code</Filter>
    </ClInclude>
    <ClInclude Include="..\..\Code\EntityTypes.h">
      <Filter>Code</Filter>
    </ClInclude>
    <ClInclude Include="..\..\Code\FracturingComponent.hpp">
      <Filter>Code</Filter>
    </ClInclude>
    <ClInclude Include="..\..\Code\CleanupSystem.hpp">
      <Filter>Code</Filter>
    </ClInclude>
    <ClInclude Include="..\..\Code\GameInputComponent.hpp">
      <Filter>Code</Filter>
    </ClInclude>
    <ClInclude Include="..\..\Code\GameInputSystem.hpp">
      <Filter>Code</Filter>
    </ClInclude>
    <ClInclude Include="..\..\Code\WarpComponent.hpp">
      <Filter>Code</Filter>
    </ClInclude>
    <ClInclude Include="..\..\Code\WarpSystem.hpp">
      <Filter>Code</Filter>
    </ClInclude>
  </ItemGroup>
  <ItemGroup>
    <ClCompile Include="..\..\Code\MeteoroidGame.cpp">
      <Filter>Code</Filter>
    </ClCompile>
    <ClCompile Include="..\..\Code\OuterSpacePhysicsSystem.cpp">
      <Filter>Code</Filter>
    </ClCompile>
    <ClCompile Include="..\..\Code\ShipBlueprint.cpp">
      <Filter>Code</Filter>
    </ClCompile>
    <ClCompile Include="..\..\Code\MeteoroidBlueprint.cpp">
      <Filter>Code</Filter>
    </ClCompile>
    <ClCompile Include="..\..\Code\CollisionSystem2D.cpp">
      <Filter>Code</Filter>
    </ClCompile>
    <ClCompile Include="..\..\Code\GameplayComponent.cpp">
      <Filter>Code</Filter>
    </ClCompile>
    <ClCompile Include="..\..\Code\CleanupSystem.cpp">
      <Filter>Code</Filter>
    </ClCompile>
    <ClCompile Include="..\..\Code\GameInputSystem.cpp">
      <Filter>Code</Filter>
    </ClCompile>
    <ClCompile Include="..\..\Code\WarpSystem.cpp">
      <Filter>Code</Filter>
    </ClCompile>
  </ItemGroup>
</Project>